// !$*UTF8*$!
{
	archiveVersion = 1;
	classes = {
	};
	objectVersion = 50;
	objects = {

/* Begin PBXBuildFile section */
		553A52B324C77E450021D9AA /* Remmebers+CoreDataClass.swift in Sources */ = {isa = PBXBuildFile; fileRef = 553A52B124C77E450021D9AA /* Remmebers+CoreDataClass.swift */; };
		553A52B424C77E450021D9AA /* Remmebers+CoreDataProperties.swift in Sources */ = {isa = PBXBuildFile; fileRef = 553A52B224C77E450021D9AA /* Remmebers+CoreDataProperties.swift */; };
		55F8B72F24C734EB00240944 /* AppDelegate.swift in Sources */ = {isa = PBXBuildFile; fileRef = 55F8B72E24C734EB00240944 /* AppDelegate.swift */; };
		55F8B73124C734EB00240944 /* SceneDelegate.swift in Sources */ = {isa = PBXBuildFile; fileRef = 55F8B73024C734EB00240944 /* SceneDelegate.swift */; };
		55F8B73424C734EB00240944 /* RememberApp.xcdatamodeld in Sources */ = {isa = PBXBuildFile; fileRef = 55F8B73224C734EB00240944 /* RememberApp.xcdatamodeld */; };
		55F8B73624C734EB00240944 /* ContentView.swift in Sources */ = {isa = PBXBuildFile; fileRef = 55F8B73524C734EB00240944 /* ContentView.swift */; };
		55F8B73824C734EE00240944 /* Assets.xcassets in Resources */ = {isa = PBXBuildFile; fileRef = 55F8B73724C734EE00240944 /* Assets.xcassets */; };
		55F8B73B24C734EE00240944 /* Preview Assets.xcassets in Resources */ = {isa = PBXBuildFile; fileRef = 55F8B73A24C734EE00240944 /* Preview Assets.xcassets */; };
		55F8B73E24C734EE00240944 /* LaunchScreen.storyboard in Resources */ = {isa = PBXBuildFile; fileRef = 55F8B73C24C734EE00240944 /* LaunchScreen.storyboard */; };
/* End PBXBuildFile section */

/* Begin PBXFileReference section */
		553A52B124C77E450021D9AA /* Remmebers+CoreDataClass.swift */ = {isa = PBXFileReference; lastKnownFileType = sourcecode.swift; path = "Remmebers+CoreDataClass.swift"; sourceTree = SOURCE_ROOT; };
		553A52B224C77E450021D9AA /* Remmebers+CoreDataProperties.swift */ = {isa = PBXFileReference; lastKnownFileType = sourcecode.swift; path = "Remmebers+CoreDataProperties.swift"; sourceTree = SOURCE_ROOT; };
		55F8B72B24C734EB00240944 /* RememberApp.app */ = {isa = PBXFileReference; explicitFileType = wrapper.application; includeInIndex = 0; path = RememberApp.app; sourceTree = BUILT_PRODUCTS_DIR; };
		55F8B72E24C734EB00240944 /* AppDelegate.swift */ = {isa = PBXFileReference; lastKnownFileType = sourcecode.swift; path = AppDelegate.swift; sourceTree = "<group>"; };
		55F8B73024C734EB00240944 /* SceneDelegate.swift */ = {isa = PBXFileReference; lastKnownFileType = sourcecode.swift; path = SceneDelegate.swift; sourceTree = "<group>"; };
		55F8B73324C734EB00240944 /* RememberApp.xcdatamodel */ = {isa = PBXFileReference; lastKnownFileType = wrapper.xcdatamodel; path = RememberApp.xcdatamodel; sourceTree = "<group>"; };
		55F8B73524C734EB00240944 /* ContentView.swift */ = {isa = PBXFileReference; lastKnownFileType = sourcecode.swift; path = ContentView.swift; sourceTree = "<group>"; };
		55F8B73724C734EE00240944 /* Assets.xcassets */ = {isa = PBXFileReference; lastKnownFileType = folder.assetcatalog; path = Assets.xcassets; sourceTree = "<group>"; };
		55F8B73A24C734EE00240944 /* Preview Assets.xcassets */ = {isa = PBXFileReference; lastKnownFileType = folder.assetcatalog; path = "Preview Assets.xcassets"; sourceTree = "<group>"; };
		55F8B73D24C734EE00240944 /* Base */ = {isa = PBXFileReference; lastKnownFileType = file.storyboard; name = Base; path = Base.lproj/LaunchScreen.storyboard; sourceTree = "<group>"; };
		55F8B73F24C734EE00240944 /* Info.plist */ = {isa = PBXFileReference; lastKnownFileType = text.plist.xml; path = Info.plist; sourceTree = "<group>"; };
/* End PBXFileReference section */

/* Begin PBXFrameworksBuildPhase section */
		55F8B72824C734EA00240944 /* Frameworks */ = {
			isa = PBXFrameworksBuildPhase;
			buildActionMask = 2147483647;
			files = (
			);
			runOnlyForDeploymentPostprocessing = 0;
		};
/* End PBXFrameworksBuildPhase section */

/* Begin PBXGroup section */
		5534ABEA24C77D6500D195BA /* Requests */ = {
			isa = PBXGroup;
			children = (
				553A52B124C77E450021D9AA /* Remmebers+CoreDataClass.swift */,
				553A52B224C77E450021D9AA /* Remmebers+CoreDataProperties.swift */,
			);
			path = Requests;
			sourceTree = "<group>";
		};
		5534ABEB24C77D7700D195BA /* App */ = {
			isa = PBXGroup;
			children = (
				55F8B72E24C734EB00240944 /* AppDelegate.swift */,
				55F8B73024C734EB00240944 /* SceneDelegate.swift */,
			);
			path = App;
			sourceTree = "<group>";
		};
		55F8B72224C734EA00240944 = {
			isa = PBXGroup;
			children = (
				55F8B72D24C734EB00240944 /* RememberApp */,
				55F8B72C24C734EB00240944 /* Products */,
			);
			sourceTree = "<group>";
		};
		55F8B72C24C734EB00240944 /* Products */ = {
			isa = PBXGroup;
			children = (
				55F8B72B24C734EB00240944 /* RememberApp.app */,
			);
			name = Products;
			sourceTree = "<group>";
		};
		55F8B72D24C734EB00240944 /* RememberApp */ = {
			isa = PBXGroup;
			children = (
				5534ABEB24C77D7700D195BA /* App */,
				5534ABEA24C77D6500D195BA /* Requests */,
				55F8B73524C734EB00240944 /* ContentView.swift */,
				55F8B73724C734EE00240944 /* Assets.xcassets */,
				55F8B73C24C734EE00240944 /* LaunchScreen.storyboard */,
				55F8B73F24C734EE00240944 /* Info.plist */,
				55F8B73224C734EB00240944 /* RememberApp.xcdatamodeld */,
				55F8B73924C734EE00240944 /* Preview Content */,
			);
			path = RememberApp;
			sourceTree = "<group>";
		};
		55F8B73924C734EE00240944 /* Preview Content */ = {
			isa = PBXGroup;
			children = (
				55F8B73A24C734EE00240944 /* Preview Assets.xcassets */,
			);
			path = "Preview Content";
			sourceTree = "<group>";
		};
/* End PBXGroup section */

/* Begin PBXNativeTarget section */
		55F8B72A24C734EA00240944 /* RememberApp */ = {
			isa = PBXNativeTarget;
			buildConfigurationList = 55F8B74224C734EE00240944 /* Build configuration list for PBXNativeTarget "RememberApp" */;
			buildPhases = (
				55F8B72724C734EA00240944 /* Sources */,
				55F8B72824C734EA00240944 /* Frameworks */,
				55F8B72924C734EA00240944 /* Resources */,
			);
			buildRules = (
			);
			dependencies = (
			);
			name = RememberApp;
			productName = RememberApp;
			productReference = 55F8B72B24C734EB00240944 /* RememberApp.app */;
			productType = "com.apple.product-type.application";
		};
/* End PBXNativeTarget section */

/* Begin PBXProject section */
		55F8B72324C734EA00240944 /* Project object */ = {
			isa = PBXProject;
			attributes = {
				LastSwiftUpdateCheck = 1160;
				LastUpgradeCheck = 1160;
				ORGANIZATIONNAME = "alex-babich";
				TargetAttributes = {
					55F8B72A24C734EA00240944 = {
						CreatedOnToolsVersion = 11.6;
					};
				};
			};
			buildConfigurationList = 55F8B72624C734EA00240944 /* Build configuration list for PBXProject "RememberApp" */;
			compatibilityVersion = "Xcode 9.3";
			developmentRegion = en;
			hasScannedForEncodings = 0;
			knownRegions = (
				en,
				Base,
			);
			mainGroup = 55F8B72224C734EA00240944;
			productRefGroup = 55F8B72C24C734EB00240944 /* Products */;
			projectDirPath = "";
			projectRoot = "";
			targets = (
				55F8B72A24C734EA00240944 /* RememberApp */,
			);
		};
/* End PBXProject section */

/* Begin PBXResourcesBuildPhase section */
		55F8B72924C734EA00240944 /* Resources */ = {
			isa = PBXResourcesBuildPhase;
			buildActionMask = 2147483647;
			files = (
				55F8B73E24C734EE00240944 /* LaunchScreen.storyboard in Resources */,
				55F8B73B24C734EE00240944 /* Preview Assets.xcassets in Resources */,
				55F8B73824C734EE00240944 /* Assets.xcassets in Resources */,
			);
			runOnlyForDeploymentPostprocessing = 0;
		};
/* End PBXResourcesBuildPhase section */

/* Begin PBXSourcesBuildPhase section */
		55F8B72724C734EA00240944 /* Sources */ = {
			isa = PBXSourcesBuildPhase;
			buildActionMask = 2147483647;
			files = (
				55F8B72F24C734EB00240944 /* AppDelegate.swift in Sources */,
				553A52B324C77E450021D9AA /* Remmebers+CoreDataClass.swift in Sources */,
				55F8B73424C734EB00240944 /* RememberApp.xcdatamodeld in Sources */,
				55F8B73624C734EB00240944 /* ContentView.swift in Sources */,
				553A52B424C77E450021D9AA /* Remmebers+CoreDataProperties.swift in Sources */,
				55F8B73124C734EB00240944 /* SceneDelegate.swift in Sources */,
			);
			runOnlyForDeploymentPostprocessing = 0;
		};
/* End PBXSourcesBuildPhase section */

/* Begin PBXVariantGroup section */
		55F8B73C24C734EE00240944 /* LaunchScreen.storyboard */ = {
			isa = PBXVariantGroup;
			children = (
				55F8B73D24C734EE00240944 /* Base */,
			);
			name = LaunchScreen.storyboard;
			sourceTree = "<group>";
		};
/* End PBXVariantGroup section */

/* Begin XCBuildConfiguration section */
		55F8B74024C734EE00240944 /* Debug */ = {
			isa = XCBuildConfiguration;
			buildSettings = {
				ALWAYS_SEARCH_USER_PATHS = NO;
				CLANG_ANALYZER_NONNULL = YES;
				CLANG_ANALYZER_NUMBER_OBJECT_CONVERSION = YES_AGGRESSIVE;
				CLANG_CXX_LANGUAGE_STANDARD = "gnu++14";
				CLANG_CXX_LIBRARY = "libc++";
				CLANG_ENABLE_MODULES = YES;
				CLANG_ENABLE_OBJC_ARC = YES;
				CLANG_ENABLE_OBJC_WEAK = YES;
				CLANG_WARN_BLOCK_CAPTURE_AUTORELEASING = YES;
				CLANG_WARN_BOOL_CONVERSION = YES;
				CLANG_WARN_COMMA = YES;
				CLANG_WARN_CONSTANT_CONVERSION = YES;
				CLANG_WARN_DEPRECATED_OBJC_IMPLEMENTATIONS = YES;
				CLANG_WARN_DIRECT_OBJC_ISA_USAGE = YES_ERROR;
				CLANG_WARN_DOCUMENTATION_COMMENTS = YES;
				CLANG_WARN_EMPTY_BODY = YES;
				CLANG_WARN_ENUM_CONVERSION = YES;
				CLANG_WARN_INFINITE_RECURSION = YES;
				CLANG_WARN_INT_CONVERSION = YES;
				CLANG_WARN_NON_LITERAL_NULL_CONVERSION = YES;
				CLANG_WARN_OBJC_IMPLICIT_RETAIN_SELF = YES;
				CLANG_WARN_OBJC_LITERAL_CONVERSION = YES;
				CLANG_WARN_OBJC_ROOT_CLASS = YES_ERROR;
				CLANG_WARN_RANGE_LOOP_ANALYSIS = YES;
				CLANG_WARN_STRICT_PROTOTYPES = YES;
				CLANG_WARN_SUSPICIOUS_MOVE = YES;
				CLANG_WARN_UNGUARDED_AVAILABILITY = YES_AGGRESSIVE;
				CLANG_WARN_UNREACHABLE_CODE = YES;
				CLANG_WARN__DUPLICATE_METHOD_MATCH = YES;
				COPY_PHASE_STRIP = NO;
				DEBUG_INFORMATION_FORMAT = dwarf;
				ENABLE_STRICT_OBJC_MSGSEND = YES;
				ENABLE_TESTABILITY = YES;
				GCC_C_LANGUAGE_STANDARD = gnu11;
				GCC_DYNAMIC_NO_PIC = NO;
				GCC_NO_COMMON_BLOCKS = YES;
				GCC_OPTIMIZATION_LEVEL = 0;
				GCC_PREPROCESSOR_DEFINITIONS = (
					"DEBUG=1",
					"$(inherited)",
				);
				GCC_WARN_64_TO_32_BIT_CONVERSION = YES;
				GCC_WARN_ABOUT_RETURN_TYPE = YES_ERROR;
				GCC_WARN_UNDECLARED_SELECTOR = YES;
				GCC_WARN_UNINITIALIZED_AUTOS = YES_AGGRESSIVE;
				GCC_WARN_UNUSED_FUNCTION = YES;
				GCC_WARN_UNUSED_VARIABLE = YES;
				IPHONEOS_DEPLOYMENT_TARGET = 13.6;
				MTL_ENABLE_DEBUG_INFO = INCLUDE_SOURCE;
				MTL_FAST_MATH = YES;
				ONLY_ACTIVE_ARCH = YES;
				SDKROOT = iphoneos;
				SWIFT_ACTIVE_COMPILATION_CONDITIONS = DEBUG;
				SWIFT_OPTIMIZATION_LEVEL = "-Onone";
			};
			name = Debug;
		};
		55F8B74124C734EE00240944 /* Release */ = {
			isa = XCBuildConfiguration;
			buildSettings = {
				ALWAYS_SEARCH_USER_PATHS = NO;
				CLANG_ANALYZER_NONNULL = YES;
				CLANG_ANALYZER_NUMBER_OBJECT_CONVERSION = YES_AGGRESSIVE;
				CLANG_CXX_LANGUAGE_STANDARD = "gnu++14";
				CLANG_CXX_LIBRARY = "libc++";
				CLANG_ENABLE_MODULES = YES;
				CLANG_ENABLE_OBJC_ARC = YES;
				CLANG_ENABLE_OBJC_WEAK = YES;
				CLANG_WARN_BLOCK_CAPTURE_AUTORELEASING = YES;
				CLANG_WARN_BOOL_CONVERSION = YES;
				CLANG_WARN_COMMA = YES;
				CLANG_WARN_CONSTANT_CONVERSION = YES;
				CLANG_WARN_DEPRECATED_OBJC_IMPLEMENTATIONS = YES;
				CLANG_WARN_DIRECT_OBJC_ISA_USAGE = YES_ERROR;
				CLANG_WARN_DOCUMENTATION_COMMENTS = YES;
				CLANG_WARN_EMPTY_BODY = YES;
				CLANG_WARN_ENUM_CONVERSION = YES;
				CLANG_WARN_INFINITE_RECURSION = YES;
				CLANG_WARN_INT_CONVERSION = YES;
				CLANG_WARN_NON_LITERAL_NULL_CONVERSION = YES;
				CLANG_WARN_OBJC_IMPLICIT_RETAIN_SELF = YES;
				CLANG_WARN_OBJC_LITERAL_CONVERSION = YES;
				CLANG_WARN_OBJC_ROOT_CLASS = YES_ERROR;
				CLANG_WARN_RANGE_LOOP_ANALYSIS = YES;
				CLANG_WARN_STRICT_PROTOTYPES = YES;
				CLANG_WARN_SUSPICIOUS_MOVE = YES;
				CLANG_WARN_UNGUARDED_AVAILABILITY = YES_AGGRESSIVE;
				CLANG_WARN_UNREACHABLE_CODE = YES;
				CLANG_WARN__DUPLICATE_METHOD_MATCH = YES;
				COPY_PHASE_STRIP = NO;
				DEBUG_INFORMATION_FORMAT = "dwarf-with-dsym";
				ENABLE_NS_ASSERTIONS = NO;
				ENABLE_STRICT_OBJC_MSGSEND = YES;
				GCC_C_LANGUAGE_STANDARD = gnu11;
				GCC_NO_COMMON_BLOCKS = YES;
				GCC_WARN_64_TO_32_BIT_CONVERSION = YES;
				GCC_WARN_ABOUT_RETURN_TYPE = YES_ERROR;
				GCC_WARN_UNDECLARED_SELECTOR = YES;
				GCC_WARN_UNINITIALIZED_AUTOS = YES_AGGRESSIVE;
				GCC_WARN_UNUSED_FUNCTION = YES;
				GCC_WARN_UNUSED_VARIABLE = YES;
				IPHONEOS_DEPLOYMENT_TARGET = 13.6;
				MTL_ENABLE_DEBUG_INFO = NO;
				MTL_FAST_MATH = YES;
				SDKROOT = iphoneos;
				SWIFT_COMPILATION_MODE = wholemodule;
				SWIFT_OPTIMIZATION_LEVEL = "-O";
				VALIDATE_PRODUCT = YES;
			};
			name = Release;
		};
		55F8B74324C734EE00240944 /* Debug */ = {
			isa = XCBuildConfiguration;
			buildSettings = {
				ASSETCATALOG_COMPILER_APPICON_NAME = AppIcon;
				CODE_SIGN_STYLE = Automatic;
				DEVELOPMENT_ASSET_PATHS = "\"RememberApp/Preview Content\"";
				DEVELOPMENT_TEAM = TA2UAPFU92;
				ENABLE_PREVIEWS = YES;
				INFOPLIST_FILE = RememberApp/Info.plist;
				LD_RUNPATH_SEARCH_PATHS = (
					"$(inherited)",
					"@executable_path/Frameworks",
				);
				PRODUCT_BUNDLE_IDENTIFIER = homemade.RememberApp;
				PRODUCT_NAME = "$(TARGET_NAME)";
				SWIFT_VERSION = 5.0;
				TARGETED_DEVICE_FAMILY = "1,2";
			};
			name = Debug;
		};
		55F8B74424C734EE00240944 /* Release */ = {
			isa = XCBuildConfiguration;
			buildSettings = {
				ASSETCATALOG_COMPILER_APPICON_NAME = AppIcon;
				CODE_SIGN_STYLE = Automatic;
				DEVELOPMENT_ASSET_PATHS = "\"RememberApp/Preview Content\"";
				DEVELOPMENT_TEAM = TA2UAPFU92;
				ENABLE_PREVIEWS = YES;
				INFOPLIST_FILE = RememberApp/Info.plist;
				LD_RUNPATH_SEARCH_PATHS = (
					"$(inherited)",
					"@executable_path/Frameworks",
				);
				PRODUCT_BUNDLE_IDENTIFIER = homemade.RememberApp;
				PRODUCT_NAME = "$(TARGET_NAME)";
				SWIFT_VERSION = 5.0;
				TARGETED_DEVICE_FAMILY = "1,2";
			};
			name = Release;
		};
/* End XCBuildConfiguration section */

/* Begin XCConfigurationList section */
		55F8B72624C734EA00240944 /* Build configuration list for PBXProject "RememberApp" */ = {
			isa = XCConfigurationList;
			buildConfigurations = (
				55F8B74024C734EE00240944 /* Debug */,
				55F8B74124C734EE00240944 /* Release */,
			);
			defaultConfigurationIsVisible = 0;
			defaultConfigurationName = Release;
		};
		55F8B74224C734EE00240944 /* Build configuration list for PBXNativeTarget "RememberApp" */ = {
			isa = XCConfigurationList;
			buildConfigurations = (
				55F8B74324C734EE00240944 /* Debug */,
				55F8B74424C734EE00240944 /* Release */,
			);
			defaultConfigurationIsVisible = 0;
			defaultConfigurationName = Release;
		};
/* End XCConfigurationList section */

/* Begin XCVersionGroup section */
		55F8B73224C734EB00240944 /* RememberApp.xcdatamodeld */ = {
			isa = XCVersionGroup;
			children = (
				55F8B73324C734EB00240944 /* RememberApp.xcdatamodel */,
			);
			currentVersion = 55F8B73324C734EB00240944 /* RememberApp.xcdatamodel */;
			path = RememberApp.xcdatamodeld;
			sourceTree = "<group>";
			versionGroupType = wrapper.xcdatamodel;
		};
/* End XCVersionGroup section */
	};
	rootObject = 55F8B72324C734EA00240944 /* Project object */;
}
